{
  "name": "@neumatter/neumattercss",
  "version": "0.0.10",
  "lockfileVersion": 2,
  "requires": true,
  "packages": {
    "": {
      "name": "@neumatter/neumattercss",
      "version": "0.0.10",
      "license": "MIT",
      "dependencies": {
        "chroma-palette": "^1.0.11",
        "commander": "^8.3.0"
      },
      "bin": {
        "neucss": "index.js",
        "neumattercss": "index.js"
      },
      "engines": {
        "node": ">=14.13.0"
      }
    },
    "node_modules/chroma-palette": {
      "version": "1.0.11",
      "resolved": "https://registry.npmjs.org/chroma-palette/-/chroma-palette-1.0.11.tgz",
      "integrity": "sha512-GJ1TBqS/vuW/cyeDF0pcfMKyP7XMDxpfN4U4rYf1L8URCqaUPNd76jd0FXyvz+zBltScKPJrT5nQy0SldxYMzw==",
      "engines": {
        "node": ">=14.13.0"
      }
    },
    "node_modules/commander": {
      "version": "8.3.0",
      "resolved": "https://registry.npmjs.org/commander/-/commander-8.3.0.tgz",
      "integrity": "sha512-OkTL9umf+He2DZkUq8f8J9of7yL6RJKI24dVITBmNfZBmri9zYZQrKkuXiKhyfPSu8tUhnVBB1iKXevvnlR4Ww==",
      "engines": {
        "node": ">= 12"
      }
    }
  },
  "dependencies": {
    "chroma-palette": {
      "version": "1.0.11",
      "resolved": "https://registry.npmjs.org/chroma-palette/-/chroma-palette-1.0.11.tgz",
      "integrity": "sha512-GJ1TBqS/vuW/cyeDF0pcfMKyP7XMDxpfN4U4rYf1L8URCqaUPNd76jd0FXyvz+zBltScKPJrT5nQy0SldxYMzw=="
    },
    "commander": {
      "version": "8.3.0",
      "resolved": "https://registry.npmjs.org/commander/-/commander-8.3.0.tgz",
      "integrity": "sha512-OkTL9umf+He2DZkUq8f8J9of7yL6RJKI24dVITBmNfZBmri9zYZQrKkuXiKhyfPSu8tUhnVBB1iKXevvnlR4Ww=="
    }
  }
}
